
Microsoft Visual Studio Solution File, Format Version 12.00
# Visual Studio Version 17
VisualStudioVersion = 17.4.33403.182
MinimumVisualStudioVersion = 10.0.40219.1
Project("{9A19103F-16F7-4668-BE54-9A1E7A4F7556}") = "Project", "Project\Project.csproj", "{FEF6225C-DAF2-4E10-85F8-FF53BA91E4BC}"
EndProject
Project("{9A19103F-16F7-4668-BE54-9A1E7A4F7556}") = "Project.Domain", "Project.Domain\Project.Domain.csproj", "{B0C27E99-9053-4E22-A6CA-7ABEF93CF7BB}"
EndProject
Project("{9A19103F-16F7-4668-BE54-9A1E7A4F7556}") = "Project.Data", "Project.Data\Project.Data.csproj", "{CAC74D05-78DD-40E1-AA83-5D17435A3878}"
EndProject
Project("{FAE04EC0-301F-11D3-BF4B-00C04F79EFBC}") = "Project.Service", "Project.Service\Project.Service.csproj", "{2EF983EA-FE7A-45FD-8329-7EDE66CA7A74}"
EndProject
Global
	GlobalSection(SolutionConfigurationPlatforms) = preSolution
		Debug|Any CPU = Debug|Any CPU
		Release|Any CPU = Release|Any CPU
	EndGlobalSection
	GlobalSection(ProjectConfigurationPlatforms) = postSolution
		{FEF6225C-DAF2-4E10-85F8-FF53BA91E4BC}.Debug|Any CPU.ActiveCfg = Debug|Any CPU
		{FEF6225C-DAF2-4E10-85F8-FF53BA91E4BC}.Debug|Any CPU.Build.0 = Debug|Any CPU
		{FEF6225C-DAF2-4E10-85F8-FF53BA91E4BC}.Release|Any CPU.ActiveCfg = Release|Any CPU
		{FEF6225C-DAF2-4E10-85F8-FF53BA91E4BC}.Release|Any CPU.Build.0 = Release|Any CPU
		{B0C27E99-9053-4E22-A6CA-7ABEF93CF7BB}.Debug|Any CPU.ActiveCfg = Debug|Any CPU
		{B0C27E99-9053-4E22-A6CA-7ABEF93CF7BB}.Debug|Any CPU.Build.0 = Debug|Any CPU
		{B0C27E99-9053-4E22-A6CA-7ABEF93CF7BB}.Release|Any CPU.ActiveCfg = Release|Any CPU
		{B0C27E99-9053-4E22-A6CA-7ABEF93CF7BB}.Release|Any CPU.Build.0 = Release|Any CPU
		{CAC74D05-78DD-40E1-AA83-5D17435A3878}.Debug|Any CPU.ActiveCfg = Debug|Any CPU
		{CAC74D05-78DD-40E1-AA83-5D17435A3878}.Debug|Any CPU.Build.0 = Debug|Any CPU
		{CAC74D05-78DD-40E1-AA83-5D17435A3878}.Release|Any CPU.ActiveCfg = Release|Any CPU
		{CAC74D05-78DD-40E1-AA83-5D17435A3878}.Release|Any CPU.Build.0 = Release|Any CPU
		{2EF983EA-FE7A-45FD-8329-7EDE66CA7A74}.Debug|Any CPU.ActiveCfg = Debug|Any CPU
		{2EF983EA-FE7A-45FD-8329-7EDE66CA7A74}.Debug|Any CPU.Build.0 = Debug|Any CPU
		{2EF983EA-FE7A-45FD-8329-7EDE66CA7A74}.Release|Any CPU.ActiveCfg = Release|Any CPU
		{2EF983EA-FE7A-45FD-8329-7EDE66CA7A74}.Release|Any CPU.Build.0 = Release|Any CPU
	EndGlobalSection
	GlobalSection(SolutionProperties) = preSolution
		HideSolutionNode = FALSE
	EndGlobalSection
	GlobalSection(ExtensibilityGlobals) = postSolution
		SolutionGuid = {E94F2212-28F0-4B5D-A686-0F3F2DD30A4C}
	EndGlobalSection
EndGlobal
